
Microsoft Visual Studio Solution File, Format Version 12.00
# Visual Studio Version 17
VisualStudioVersion = 17.1.32210.238
MinimumVisualStudioVersion = 10.0.40219.1
Project("{9A19103F-16F7-4668-BE54-9A1E7A4F7556}") = "Ambacht.MudBlazorAutoForm.App", "src\Ambacht.MudBlazor.AutoForm.App\Ambacht.MudBlazorAutoForm.App.csproj", "{8F659D7C-42AF-44F5-8EFD-C49D7B1B1E28}"
EndProject
Project("{FAE04EC0-301F-11D3-BF4B-00C04F79EFBC}") = "Ambacht.MudBlazorAutoForm", "src\Ambacht.MudBlazor.AutoForm\Ambacht.MudBlazorAutoForm.csproj", "{35738E34-A7BA-4D3D-B28D-257339814C1C}"
EndProject
Project("{FAE04EC0-301F-11D3-BF4B-00C04F79EFBC}") = "Ambacht.MudBlazorAutoForm.Test", "test\Ambacht.MudBlazor.AutoForm.Test\Ambacht.MudBlazorAutoForm.Test.csproj", "{50BD31C5-E88B-46CF-9BFF-B766211DBA44}"
EndProject
Global
	GlobalSection(SolutionConfigurationPlatforms) = preSolution
		Debug|Any CPU = Debug|Any CPU
		Release|Any CPU = Release|Any CPU
	EndGlobalSection
	GlobalSection(ProjectConfigurationPlatforms) = postSolution
		{8F659D7C-42AF-44F5-8EFD-C49D7B1B1E28}.Debug|Any CPU.ActiveCfg = Debug|Any CPU
		{8F659D7C-42AF-44F5-8EFD-C49D7B1B1E28}.Debug|Any CPU.Build.0 = Debug|Any CPU
		{8F659D7C-42AF-44F5-8EFD-C49D7B1B1E28}.Release|Any CPU.ActiveCfg = Release|Any CPU
		{8F659D7C-42AF-44F5-8EFD-C49D7B1B1E28}.Release|Any CPU.Build.0 = Release|Any CPU
		{35738E34-A7BA-4D3D-B28D-257339814C1C}.Debug|Any CPU.ActiveCfg = Debug|Any CPU
		{35738E34-A7BA-4D3D-B28D-257339814C1C}.Debug|Any CPU.Build.0 = Debug|Any CPU
		{35738E34-A7BA-4D3D-B28D-257339814C1C}.Release|Any CPU.ActiveCfg = Release|Any CPU
		{35738E34-A7BA-4D3D-B28D-257339814C1C}.Release|Any CPU.Build.0 = Release|Any CPU
		{50BD31C5-E88B-46CF-9BFF-B766211DBA44}.Debug|Any CPU.ActiveCfg = Debug|Any CPU
		{50BD31C5-E88B-46CF-9BFF-B766211DBA44}.Debug|Any CPU.Build.0 = Debug|Any CPU
		{50BD31C5-E88B-46CF-9BFF-B766211DBA44}.Release|Any CPU.ActiveCfg = Release|Any CPU
		{50BD31C5-E88B-46CF-9BFF-B766211DBA44}.Release|Any CPU.Build.0 = Release|Any CPU
	EndGlobalSection
	GlobalSection(SolutionProperties) = preSolution
		HideSolutionNode = FALSE
	EndGlobalSection
	GlobalSection(ExtensibilityGlobals) = postSolution
		SolutionGuid = {5D1DAE84-A2C2-42A9-8DBE-BB85A8E55A4B}
	EndGlobalSection
EndGlobal
